{
  "name": "prime-md",
  "version": "1.0.0",
  "lockfileVersion": 2,
  "requires": true,
  "dependencies": {
    "@adiwajshing/baileys": {
      "version": "1.3.4",
      "resolved": "(link unavailable)",
      "integrity": "sha512-+xLx1u8FqXw2Kv8kR4Kz3t9rDQxQ5iZMzD4YrZz4cI4Lq1",
      "dev": false
    }
  },
  "author": "Frank Kaumba",
  "description": "Prime MD WhatsApp Bot"
}
